
Microsoft Visual Studio Solution File, Format Version 12.00
# Visual Studio Version 17
VisualStudioVersion = 17.4.33122.133
MinimumVisualStudioVersion = 10.0.40219.1
Project("{FAE04EC0-301F-11D3-BF4B-00C04F79EFBC}") = "FilmesApi", "FilmesApi\FilmesApi.csproj", "{DC184845-8000-481B-B1A9-92FDB1E46EF7}"
EndProject
Global
	GlobalSection(SolutionConfigurationPlatforms) = preSolution
		Debug|Any CPU = Debug|Any CPU
		Release|Any CPU = Release|Any CPU
	EndGlobalSection
	GlobalSection(ProjectConfigurationPlatforms) = postSolution
		{DC184845-8000-481B-B1A9-92FDB1E46EF7}.Debug|Any CPU.ActiveCfg = Debug|Any CPU
		{DC184845-8000-481B-B1A9-92FDB1E46EF7}.Debug|Any CPU.Build.0 = Debug|Any CPU
		{DC184845-8000-481B-B1A9-92FDB1E46EF7}.Release|Any CPU.ActiveCfg = Release|Any CPU
		{DC184845-8000-481B-B1A9-92FDB1E46EF7}.Release|Any CPU.Build.0 = Release|Any CPU
	EndGlobalSection
	GlobalSection(SolutionProperties) = preSolution
		HideSolutionNode = FALSE
	EndGlobalSection
	GlobalSection(ExtensibilityGlobals) = postSolution
		SolutionGuid = {7FCA77FA-D39F-4F1B-8CFA-F49FD0EC0B2B}
	EndGlobalSection
EndGlobal
